{
  "name": "tinker-chat",
  "version": "0.0.1",
  "lockfileVersion": 3,
  "requires": true,
  "packages": {
    "": {
      "name": "tinker-chat",
      "version": "0.0.1",
      "dependencies": {
        "nbb": "~1.2.175"
      },
      "engines": {
        "node": ">=18"
      }
    },
    "node_modules/import-meta-resolve": {
      "version": "2.2.2",
      "resolved": "https://registry.npmjs.org/import-meta-resolve/-/import-meta-resolve-2.2.2.tgz",
      "integrity": "sha512-f8KcQ1D80V7RnqVm+/lirO9zkOxjGxhaTC1IPrBGd3MEfNgmNG67tSUO9gTi2F3Blr2Az6g1vocaxzkVnWl9MA==",
      "funding": {
        "type": "github",
        "url": "https://github.com/sponsors/wooorm"
      }
    },
    "node_modules/nbb": {
      "version": "1.2.175",
      "resolved": "https://registry.npmjs.org/nbb/-/nbb-1.2.175.tgz",
      "integrity": "sha512-CTo5B/HE48W3GiG/zj9OosOOXJv8CX37NlRNWakJAqIi2KOY0AB3PjW80++ISJzAWTnicefW5sWw3cQXreSbaw==",
      "dependencies": {
        "import-meta-resolve": "^2.1.0"
      },
      "bin": {
        "nbb": "cli.js",
        "nbbun": "nbbun.js"
      }
    }
  }
}
